// !$*UTF8*$!
{
	archiveVersion = 1;
	classes = {
	};
	objectVersion = 50;
	objects = {

/* Begin PBXBuildFile section */
		5E0FB7E8220F83040074A8CB /* AppDelegate.swift in Sources */ = {isa = PBXBuildFile; fileRef = 5E0FB7E7220F83040074A8CB /* AppDelegate.swift */; };
		5E0FB7EA220F83040074A8CB /* ViewController.swift in Sources */ = {isa = PBXBuildFile; fileRef = 5E0FB7E9220F83040074A8CB /* ViewController.swift */; };
		5E0FB7ED220F83040074A8CB /* Main.storyboard in Resources */ = {isa = PBXBuildFile; fileRef = 5E0FB7EB220F83040074A8CB /* Main.storyboard */; };
		5E0FB7EF220F83050074A8CB /* Assets.xcassets in Resources */ = {isa = PBXBuildFile; fileRef = 5E0FB7EE220F83050074A8CB /* Assets.xcassets */; };
		5E0FB7F2220F83050074A8CB /* LaunchScreen.storyboard in Resources */ = {isa = PBXBuildFile; fileRef = 5E0FB7F0220F83050074A8CB /* LaunchScreen.storyboard */; };
		5E0FB7FD220F83060074A8CB /* LoginAppTests.swift in Sources */ = {isa = PBXBuildFile; fileRef = 5E0FB7FC220F83060074A8CB /* LoginAppTests.swift */; };
		5E0FB808220F83060074A8CB /* LoginAppUITests.swift in Sources */ = {isa = PBXBuildFile; fileRef = 5E0FB807220F83060074A8CB /* LoginAppUITests.swift */; };
/* End PBXBuildFile section */

/* Begin PBXContainerItemProxy section */
		5E0FB7F9220F83060074A8CB /* PBXContainerItemProxy */ = {
			isa = PBXContainerItemProxy;
			containerPortal = 5E0FB7DC220F83040074A8CB /* Project object */;
			proxyType = 1;
			remoteGlobalIDString = 5E0FB7E3220F83040074A8CB;
			remoteInfo = LoginApp;
		};
		5E0FB804220F83060074A8CB /* PBXContainerItemProxy */ = {
			isa = PBXContainerItemProxy;
			containerPortal = 5E0FB7DC220F83040074A8CB /* Project object */;
			proxyType = 1;
			remoteGlobalIDString = 5E0FB7E3220F83040074A8CB;
			remoteInfo = LoginApp;
		};
/* End PBXContainerItemProxy section */

/* Begin PBXFileReference section */
		5E0FB7E4220F83040074A8CB /* LoginApp.app */ = {isa = PBXFileReference; explicitFileType = wrapper.application; includeInIndex = 0; path = LoginApp.app; sourceTree = BUILT_PRODUCTS_DIR; };
		5E0FB7E7220F83040074A8CB /* AppDelegate.swift */ = {isa = PBXFileReference; lastKnownFileType = sourcecode.swift; path = AppDelegate.swift; sourceTree = "<group>"; };
		5E0FB7E9220F83040074A8CB /* ViewController.swift */ = {isa = PBXFileReference; lastKnownFileType = sourcecode.swift; path = ViewController.swift; sourceTree = "<group>"; };
		5E0FB7EC220F83040074A8CB /* Base */ = {isa = PBXFileReference; lastKnownFileType = file.storyboard; name = Base; path = Base.lproj/Main.storyboard; sourceTree = "<group>"; };
		5E0FB7EE220F83050074A8CB /* Assets.xcassets */ = {isa = PBXFileReference; lastKnownFileType = folder.assetcatalog; path = Assets.xcassets; sourceTree = "<group>"; };
		5E0FB7F1220F83050074A8CB /* Base */ = {isa = PBXFileReference; lastKnownFileType = file.storyboard; name = Base; path = Base.lproj/LaunchScreen.storyboard; sourceTree = "<group>"; };
		5E0FB7F3220F83050074A8CB /* Info.plist */ = {isa = PBXFileReference; lastKnownFileType = text.plist.xml; path = Info.plist; sourceTree = "<group>"; };
		5E0FB7F8220F83060074A8CB /* LoginAppTests.xctest */ = {isa = PBXFileReference; explicitFileType = wrapper.cfbundle; includeInIndex = 0; path = LoginAppTests.xctest; sourceTree = BUILT_PRODUCTS_DIR; };
		5E0FB7FC220F83060074A8CB /* LoginAppTests.swift */ = {isa = PBXFileReference; lastKnownFileType = sourcecode.swift; path = LoginAppTests.swift; sourceTree = "<group>"; };
		5E0FB7FE220F83060074A8CB /* Info.plist */ = {isa = PBXFileReference; lastKnownFileType = text.plist.xml; path = Info.plist; sourceTree = "<group>"; };
		5E0FB803220F83060074A8CB /* LoginAppUITests.xctest */ = {isa = PBXFileReference; explicitFileType = wrapper.cfbundle; includeInIndex = 0; path = LoginAppUITests.xctest; sourceTree = BUILT_PRODUCTS_DIR; };
		5E0FB807220F83060074A8CB /* LoginAppUITests.swift */ = {isa = PBXFileReference; lastKnownFileType = sourcecode.swift; path = LoginAppUITests.swift; sourceTree = "<group>"; };
		5E0FB809220F83060074A8CB /* Info.plist */ = {isa = PBXFileReference; lastKnownFileType = text.plist.xml; path = Info.plist; sourceTree = "<group>"; };
/* End PBXFileReference section */

/* Begin PBXFrameworksBuildPhase section */
		5E0FB7E1220F83040074A8CB /* Frameworks */ = {
			isa = PBXFrameworksBuildPhase;
			buildActionMask = 2147483647;
			files = (
			);
			runOnlyForDeploymentPostprocessing = 0;
		};
		5E0FB7F5220F83060074A8CB /* Frameworks */ = {
			isa = PBXFrameworksBuildPhase;
			buildActionMask = 2147483647;
			files = (
			);
			runOnlyForDeploymentPostprocessing = 0;
		};
		5E0FB800220F83060074A8CB /* Frameworks */ = {
			isa = PBXFrameworksBuildPhase;
			buildActionMask = 2147483647;
			files = (
			);
			runOnlyForDeploymentPostprocessing = 0;
		};
/* End PBXFrameworksBuildPhase section */

/* Begin PBXGroup section */
		5E0FB7DB220F83040074A8CB = {
			isa = PBXGroup;
			children = (
				5E0FB7E6220F83040074A8CB /* LoginApp */,
				5E0FB7FB220F83060074A8CB /* LoginAppTests */,
				5E0FB806220F83060074A8CB /* LoginAppUITests */,
				5E0FB7E5220F83040074A8CB /* Products */,
			);
			sourceTree = "<group>";
		};
		5E0FB7E5220F83040074A8CB /* Products */ = {
			isa = PBXGroup;
			children = (
				5E0FB7E4220F83040074A8CB /* LoginApp.app */,
				5E0FB7F8220F83060074A8CB /* LoginAppTests.xctest */,
				5E0FB803220F83060074A8CB /* LoginAppUITests.xctest */,
			);
			name = Products;
			sourceTree = "<group>";
		};
		5E0FB7E6220F83040074A8CB /* LoginApp */ = {
			isa = PBXGroup;
			children = (
				5E0FB7E7220F83040074A8CB /* AppDelegate.swift */,
				5E0FB7E9220F83040074A8CB /* ViewController.swift */,
				5E0FB7EB220F83040074A8CB /* Main.storyboard */,
				5E0FB7EE220F83050074A8CB /* Assets.xcassets */,
				5E0FB7F0220F83050074A8CB /* LaunchScreen.storyboard */,
				5E0FB7F3220F83050074A8CB /* Info.plist */,
			);
			path = LoginApp;
			sourceTree = "<group>";
		};
		5E0FB7FB220F83060074A8CB /* LoginAppTests */ = {
			isa = PBXGroup;
			children = (
				5E0FB7FC220F83060074A8CB /* LoginAppTests.swift */,
				5E0FB7FE220F83060074A8CB /* Info.plist */,
			);
			path = LoginAppTests;
			sourceTree = "<group>";
		};
		5E0FB806220F83060074A8CB /* LoginAppUITests */ = {
			isa = PBXGroup;
			children = (
				5E0FB807220F83060074A8CB /* LoginAppUITests.swift */,
				5E0FB809220F83060074A8CB /* Info.plist */,
			);
			path = LoginAppUITests;
			sourceTree = "<group>";
		};
/* End PBXGroup section */

/* Begin PBXNativeTarget section */
		5E0FB7E3220F83040074A8CB /* LoginApp */ = {
			isa = PBXNativeTarget;
			buildConfigurationList = 5E0FB80C220F83060074A8CB /* Build configuration list for PBXNativeTarget "LoginApp" */;
			buildPhases = (
				5E0FB7E0220F83040074A8CB /* Sources */,
				5E0FB7E1220F83040074A8CB /* Frameworks */,
				5E0FB7E2220F83040074A8CB /* Resources */,
			);
			buildRules = (
			);
			dependencies = (
			);
			name = LoginApp;
			productName = LoginApp;
			productReference = 5E0FB7E4220F83040074A8CB /* LoginApp.app */;
			productType = "com.apple.product-type.application";
		};
		5E0FB7F7220F83060074A8CB /* LoginAppTests */ = {
			isa = PBXNativeTarget;
			buildConfigurationList = 5E0FB80F220F83060074A8CB /* Build configuration list for PBXNativeTarget "LoginAppTests" */;
			buildPhases = (
				5E0FB7F4220F83060074A8CB /* Sources */,
				5E0FB7F5220F83060074A8CB /* Frameworks */,
				5E0FB7F6220F83060074A8CB /* Resources */,
			);
			buildRules = (
			);
			dependencies = (
				5E0FB7FA220F83060074A8CB /* PBXTargetDependency */,
			);
			name = LoginAppTests;
			productName = LoginAppTests;
			productReference = 5E0FB7F8220F83060074A8CB /* LoginAppTests.xctest */;
			productType = "com.apple.product-type.bundle.unit-test";
		};
		5E0FB802220F83060074A8CB /* LoginAppUITests */ = {
			isa = PBXNativeTarget;
			buildConfigurationList = 5E0FB812220F83060074A8CB /* Build configuration list for PBXNativeTarget "LoginAppUITests" */;
			buildPhases = (
				5E0FB7FF220F83060074A8CB /* Sources */,
				5E0FB800220F83060074A8CB /* Frameworks */,
				5E0FB801220F83060074A8CB /* Resources */,
			);
			buildRules = (
			);
			dependencies = (
				5E0FB805220F83060074A8CB /* PBXTargetDependency */,
			);
			name = LoginAppUITests;
			productName = LoginAppUITests;
			productReference = 5E0FB803220F83060074A8CB /* LoginAppUITests.xctest */;
			productType = "com.apple.product-type.bundle.ui-testing";
		};
/* End PBXNativeTarget section */

/* Begin PBXProject section */
		5E0FB7DC220F83040074A8CB /* Project object */ = {
			isa = PBXProject;
			attributes = {
				LastSwiftUpdateCheck = 1010;
				LastUpgradeCheck = 1010;
				ORGANIZATIONNAME = Safeen;
				TargetAttributes = {
					5E0FB7E3220F83040074A8CB = {
						CreatedOnToolsVersion = 10.1;
					};
					5E0FB7F7220F83060074A8CB = {
						CreatedOnToolsVersion = 10.1;
						TestTargetID = 5E0FB7E3220F83040074A8CB;
					};
					5E0FB802220F83060074A8CB = {
						CreatedOnToolsVersion = 10.1;
						TestTargetID = 5E0FB7E3220F83040074A8CB;
					};
				};
			};
			buildConfigurationList = 5E0FB7DF220F83040074A8CB /* Build configuration list for PBXProject "LoginApp" */;
			compatibilityVersion = "Xcode 9.3";
			developmentRegion = en;
			hasScannedForEncodings = 0;
			knownRegions = (
				en,
				Base,
			);
			mainGroup = 5E0FB7DB220F83040074A8CB;
			productRefGroup = 5E0FB7E5220F83040074A8CB /* Products */;
			projectDirPath = "";
			projectRoot = "";
			targets = (
				5E0FB7E3220F83040074A8CB /* LoginApp */,
				5E0FB7F7220F83060074A8CB /* LoginAppTests */,
				5E0FB802220F83060074A8CB /* LoginAppUITests */,
			);
		};
/* End PBXProject section */

/* Begin PBXResourcesBuildPhase section */
		5E0FB7E2220F83040074A8CB /* Resources */ = {
			isa = PBXResourcesBuildPhase;
			buildActionMask = 2147483647;
			files = (
				5E0FB7F2220F83050074A8CB /* LaunchScreen.storyboard in Resources */,
				5E0FB7EF220F83050074A8CB /* Assets.xcassets in Resources */,
				5E0FB7ED220F83040074A8CB /* Main.storyboard in Resources */,
			);
			runOnlyForDeploymentPostprocessing = 0;
		};
		5E0FB7F6220F83060074A8CB /* Resources */ = {
			isa = PBXResourcesBuildPhase;
			buildActionMask = 2147483647;
			files = (
			);
			runOnlyForDeploymentPostprocessing = 0;
		};
		5E0FB801220F83060074A8CB /* Resources */ = {
			isa = PBXResourcesBuildPhase;
			buildActionMask = 2147483647;
			files = (
			);
			runOnlyForDeploymentPostprocessing = 0;
		};
/* End PBXResourcesBuildPhase section */

/* Begin PBXSourcesBuildPhase section */
		5E0FB7E0220F83040074A8CB /* Sources */ = {
			isa = PBXSourcesBuildPhase;
			buildActionMask = 2147483647;
			files = (
				5E0FB7EA220F83040074A8CB /* ViewController.swift in Sources */,
				5E0FB7E8220F83040074A8CB /* AppDelegate.swift in Sources */,
			);
			runOnlyForDeploymentPostprocessing = 0;
		};
		5E0FB7F4220F83060074A8CB /* Sources */ = {
			isa = PBXSourcesBuildPhase;
			buildActionMask = 2147483647;
			files = (
				5E0FB7FD220F83060074A8CB /* LoginAppTests.swift in Sources */,
			);
			runOnlyForDeploymentPostprocessing = 0;
		};
		5E0FB7FF220F83060074A8CB /* Sources */ = {
			isa = PBXSourcesBuildPhase;
			buildActionMask = 2147483647;
			files = (
				5E0FB808220F83060074A8CB /* LoginAppUITests.swift in Sources */,
			);
			runOnlyForDeploymentPostprocessing = 0;
		};
/* End PBXSourcesBuildPhase section */

/* Begin PBXTargetDependency section */
		5E0FB7FA220F83060074A8CB /* PBXTargetDependency */ = {
			isa = PBXTargetDependency;
			target = 5E0FB7E3220F83040074A8CB /* LoginApp */;
			targetProxy = 5E0FB7F9220F83060074A8CB /* PBXContainerItemProxy */;
		};
		5E0FB805220F83060074A8CB /* PBXTargetDependency */ = {
			isa = PBXTargetDependency;
			target = 5E0FB7E3220F83040074A8CB /* LoginApp */;
			targetProxy = 5E0FB804220F83060074A8CB /* PBXContainerItemProxy */;
		};
/* End PBXTargetDependency section */

/* Begin PBXVariantGroup section */
		5E0FB7EB220F83040074A8CB /* Main.storyboard */ = {
			isa = PBXVariantGroup;
			children = (
				5E0FB7EC220F83040074A8CB /* Base */,
			);
			name = Main.storyboard;
			sourceTree = "<group>";
		};
		5E0FB7F0220F83050074A8CB /* LaunchScreen.storyboard */ = {
			isa = PBXVariantGroup;
			children = (
				5E0FB7F1220F83050074A8CB /* Base */,
			);
			name = LaunchScreen.storyboard;
			sourceTree = "<group>";
		};
/* End PBXVariantGroup section */

/* Begin XCBuildConfiguration section */
		5E0FB80A220F83060074A8CB /* Debug */ = {
			isa = XCBuildConfiguration;
			buildSettings = {
				ALWAYS_SEARCH_USER_PATHS = NO;
				CLANG_ANALYZER_NONNULL = YES;
				CLANG_ANALYZER_NUMBER_OBJECT_CONVERSION = YES_AGGRESSIVE;
				CLANG_CXX_LANGUAGE_STANDARD = "gnu++14";
				CLANG_CXX_LIBRARY = "libc++";
				CLANG_ENABLE_MODULES = YES;
				CLANG_ENABLE_OBJC_ARC = YES;
				CLANG_ENABLE_OBJC_WEAK = YES;
				CLANG_WARN_BLOCK_CAPTURE_AUTORELEASING = YES;
				CLANG_WARN_BOOL_CONVERSION = YES;
				CLANG_WARN_COMMA = YES;
				CLANG_WARN_CONSTANT_CONVERSION = YES;
				CLANG_WARN_DEPRECATED_OBJC_IMPLEMENTATIONS = YES;
				CLANG_WARN_DIRECT_OBJC_ISA_USAGE = YES_ERROR;
				CLANG_WARN_DOCUMENTATION_COMMENTS = YES;
				CLANG_WARN_EMPTY_BODY = YES;
				CLANG_WARN_ENUM_CONVERSION = YES;
				CLANG_WARN_INFINITE_RECURSION = YES;
				CLANG_WARN_INT_CONVERSION = YES;
				CLANG_WARN_NON_LITERAL_NULL_CONVERSION = YES;
				CLANG_WARN_OBJC_IMPLICIT_RETAIN_SELF = YES;
				CLANG_WARN_OBJC_LITERAL_CONVERSION = YES;
				CLANG_WARN_OBJC_ROOT_CLASS = YES_ERROR;
				CLANG_WARN_RANGE_LOOP_ANALYSIS = YES;
				CLANG_WARN_STRICT_PROTOTYPES = YES;
				CLANG_WARN_SUSPICIOUS_MOVE = YES;
				CLANG_WARN_UNGUARDED_AVAILABILITY = YES_AGGRESSIVE;
				CLANG_WARN_UNREACHABLE_CODE = YES;
				CLANG_WARN__DUPLICATE_METHOD_MATCH = YES;
				CODE_SIGN_IDENTITY = "iPhone Developer";
				COPY_PHASE_STRIP = NO;
				DEBUG_INFORMATION_FORMAT = dwarf;
				ENABLE_STRICT_OBJC_MSGSEND = YES;
				ENABLE_TESTABILITY = YES;
				GCC_C_LANGUAGE_STANDARD = gnu11;
				GCC_DYNAMIC_NO_PIC = NO;
				GCC_NO_COMMON_BLOCKS = YES;
				GCC_OPTIMIZATION_LEVEL = 0;
				GCC_PREPROCESSOR_DEFINITIONS = (
					"DEBUG=1",
					"$(inherited)",
				);
				GCC_WARN_64_TO_32_BIT_CONVERSION = YES;
				GCC_WARN_ABOUT_RETURN_TYPE = YES_ERROR;
				GCC_WARN_UNDECLARED_SELECTOR = YES;
				GCC_WARN_UNINITIALIZED_AUTOS = YES_AGGRESSIVE;
				GCC_WARN_UNUSED_FUNCTION = YES;
				GCC_WARN_UNUSED_VARIABLE = YES;
				IPHONEOS_DEPLOYMENT_TARGET = 12.1;
				MTL_ENABLE_DEBUG_INFO = INCLUDE_SOURCE;
				MTL_FAST_MATH = YES;
				ONLY_ACTIVE_ARCH = YES;
				SDKROOT = iphoneos;
				SWIFT_ACTIVE_COMPILATION_CONDITIONS = DEBUG;
				SWIFT_OPTIMIZATION_LEVEL = "-Onone";
			};
			name = Debug;
		};
		5E0FB80B220F83060074A8CB /* Release */ = {
			isa = XCBuildConfiguration;
			buildSettings = {
				ALWAYS_SEARCH_USER_PATHS = NO;
				CLANG_ANALYZER_NONNULL = YES;
				CLANG_ANALYZER_NUMBER_OBJECT_CONVERSION = YES_AGGRESSIVE;
				CLANG_CXX_LANGUAGE_STANDARD = "gnu++14";
				CLANG_CXX_LIBRARY = "libc++";
				CLANG_ENABLE_MODULES = YES;
				CLANG_ENABLE_OBJC_ARC = YES;
				CLANG_ENABLE_OBJC_WEAK = YES;
				CLANG_WARN_BLOCK_CAPTURE_AUTORELEASING = YES;
				CLANG_WARN_BOOL_CONVERSION = YES;
				CLANG_WARN_COMMA = YES;
				CLANG_WARN_CONSTANT_CONVERSION = YES;
				CLANG_WARN_DEPRECATED_OBJC_IMPLEMENTATIONS = YES;
				CLANG_WARN_DIRECT_OBJC_ISA_USAGE = YES_ERROR;
				CLANG_WARN_DOCUMENTATION_COMMENTS = YES;
				CLANG_WARN_EMPTY_BODY = YES;
				CLANG_WARN_ENUM_CONVERSION = YES;
				CLANG_WARN_INFINITE_RECURSION = YES;
				CLANG_WARN_INT_CONVERSION = YES;
				CLANG_WARN_NON_LITERAL_NULL_CONVERSION = YES;
				CLANG_WARN_OBJC_IMPLICIT_RETAIN_SELF = YES;
				CLANG_WARN_OBJC_LITERAL_CONVERSION = YES;
				CLANG_WARN_OBJC_ROOT_CLASS = YES_ERROR;
				CLANG_WARN_RANGE_LOOP_ANALYSIS = YES;
				CLANG_WARN_STRICT_PROTOTYPES = YES;
				CLANG_WARN_SUSPICIOUS_MOVE = YES;
				CLANG_WARN_UNGUARDED_AVAILABILITY = YES_AGGRESSIVE;
				CLANG_WARN_UNREACHABLE_CODE = YES;
				CLANG_WARN__DUPLICATE_METHOD_MATCH = YES;
				CODE_SIGN_IDENTITY = "iPhone Developer";
				COPY_PHASE_STRIP = NO;
				DEBUG_INFORMATION_FORMAT = "dwarf-with-dsym";
				ENABLE_NS_ASSERTIONS = NO;
				ENABLE_STRICT_OBJC_MSGSEND = YES;
				GCC_C_LANGUAGE_STANDARD = gnu11;
				GCC_NO_COMMON_BLOCKS = YES;
				GCC_WARN_64_TO_32_BIT_CONVERSION = YES;
				GCC_WARN_ABOUT_RETURN_TYPE = YES_ERROR;
				GCC_WARN_UNDECLARED_SELECTOR = YES;
				GCC_WARN_UNINITIALIZED_AUTOS = YES_AGGRESSIVE;
				GCC_WARN_UNUSED_FUNCTION = YES;
				GCC_WARN_UNUSED_VARIABLE = YES;
				IPHONEOS_DEPLOYMENT_TARGET = 12.1;
				MTL_ENABLE_DEBUG_INFO = NO;
				MTL_FAST_MATH = YES;
				SDKROOT = iphoneos;
				SWIFT_COMPILATION_MODE = wholemodule;
				SWIFT_OPTIMIZATION_LEVEL = "-O";
				VALIDATE_PRODUCT = YES;
			};
			name = Release;
		};
		5E0FB80D220F83060074A8CB /* Debug */ = {
			isa = XCBuildConfiguration;
			buildSettings = {
				ASSETCATALOG_COMPILER_APPICON_NAME = AppIcon;
				CODE_SIGN_STYLE = Automatic;
				DEVELOPMENT_TEAM = K87475A5JC;
				INFOPLIST_FILE = LoginApp/Info.plist;
				LD_RUNPATH_SEARCH_PATHS = (
					"$(inherited)",
					"@executable_path/Frameworks",
				);
				PRODUCT_BUNDLE_IDENTIFIER = com.safeen.LoginApp;
				PRODUCT_NAME = "$(TARGET_NAME)";
				SWIFT_VERSION = 4.2;
				TARGETED_DEVICE_FAMILY = "1,2";
			};
			name = Debug;
		};
		5E0FB80E220F83060074A8CB /* Release */ = {
			isa = XCBuildConfiguration;
			buildSettings = {
				ASSETCATALOG_COMPILER_APPICON_NAME = AppIcon;
				CODE_SIGN_STYLE = Automatic;
				DEVELOPMENT_TEAM = K87475A5JC;
				INFOPLIST_FILE = LoginApp/Info.plist;
				LD_RUNPATH_SEARCH_PATHS = (
					"$(inherited)",
					"@executable_path/Frameworks",
				);
				PRODUCT_BUNDLE_IDENTIFIER = com.safeen.LoginApp;
				PRODUCT_NAME = "$(TARGET_NAME)";
				SWIFT_VERSION = 4.2;
				TARGETED_DEVICE_FAMILY = "1,2";
			};
			name = Release;
		};
		5E0FB810220F83060074A8CB /* Debug */ = {
			isa = XCBuildConfiguration;
			buildSettings = {
				ALWAYS_EMBED_SWIFT_STANDARD_LIBRARIES = YES;
				BUNDLE_LOADER = "$(TEST_HOST)";
				CODE_SIGN_STYLE = Automatic;
				DEVELOPMENT_TEAM = K87475A5JC;
				INFOPLIST_FILE = LoginAppTests/Info.plist;
				LD_RUNPATH_SEARCH_PATHS = (
					"$(inherited)",
					"@executable_path/Frameworks",
					"@loader_path/Frameworks",
				);
				PRODUCT_BUNDLE_IDENTIFIER = com.safeen.LoginAppTests;
				PRODUCT_NAME = "$(TARGET_NAME)";
				SWIFT_VERSION = 4.2;
				TARGETED_DEVICE_FAMILY = "1,2";
				TEST_HOST = "$(BUILT_PRODUCTS_DIR)/LoginApp.app/LoginApp";
			};
			name = Debug;
		};
		5E0FB811220F83060074A8CB /* Release */ = {
			isa = XCBuildConfiguration;
			buildSettings = {
				ALWAYS_EMBED_SWIFT_STANDARD_LIBRARIES = YES;
				BUNDLE_LOADER = "$(TEST_HOST)";
				CODE_SIGN_STYLE = Automatic;
				DEVELOPMENT_TEAM = K87475A5JC;
				INFOPLIST_FILE = LoginAppTests/Info.plist;
				LD_RUNPATH_SEARCH_PATHS = (
					"$(inherited)",
					"@executable_path/Frameworks",
					"@loader_path/Frameworks",
				);
				PRODUCT_BUNDLE_IDENTIFIER = com.safeen.LoginAppTests;
				PRODUCT_NAME = "$(TARGET_NAME)";
				SWIFT_VERSION = 4.2;
				TARGETED_DEVICE_FAMILY = "1,2";
				TEST_HOST = "$(BUILT_PRODUCTS_DIR)/LoginApp.app/LoginApp";
			};
			name = Release;
		};
		5E0FB813220F83060074A8CB /* Debug */ = {
			isa = XCBuildConfiguration;
			buildSettings = {
				ALWAYS_EMBED_SWIFT_STANDARD_LIBRARIES = YES;
				CODE_SIGN_STYLE = Automatic;
				DEVELOPMENT_TEAM = K87475A5JC;
				INFOPLIST_FILE = LoginAppUITests/Info.plist;
				LD_RUNPATH_SEARCH_PATHS = (
					"$(inherited)",
					"@executable_path/Frameworks",
					"@loader_path/Frameworks",
				);
				PRODUCT_BUNDLE_IDENTIFIER = com.safeen.LoginAppUITests;
				PRODUCT_NAME = "$(TARGET_NAME)";
				SWIFT_VERSION = 4.2;
				TARGETED_DEVICE_FAMILY = "1,2";
				TEST_TARGET_NAME = LoginApp;
			};
			name = Debug;
		};
		5E0FB814220F83060074A8CB /* Release */ = {
			isa = XCBuildConfiguration;
			buildSettings = {
				ALWAYS_EMBED_SWIFT_STANDARD_LIBRARIES = YES;
				CODE_SIGN_STYLE = Automatic;
				DEVELOPMENT_TEAM = K87475A5JC;
				INFOPLIST_FILE = LoginAppUITests/Info.plist;
				LD_RUNPATH_SEARCH_PATHS = (
					"$(inherited)",
					"@executable_path/Frameworks",
					"@loader_path/Frameworks",
				);
				PRODUCT_BUNDLE_IDENTIFIER = com.safeen.LoginAppUITests;
				PRODUCT_NAME = "$(TARGET_NAME)";
				SWIFT_VERSION = 4.2;
				TARGETED_DEVICE_FAMILY = "1,2";
				TEST_TARGET_NAME = LoginApp;
			};
			name = Release;
		};
/* End XCBuildConfiguration section */

/* Begin XCConfigurationList section */
		5E0FB7DF220F83040074A8CB /* Build configuration list for PBXProject "LoginApp" */ = {
			isa = XCConfigurationList;
			buildConfigurations = (
				5E0FB80A220F83060074A8CB /* Debug */,
				5E0FB80B220F83060074A8CB /* Release */,
			);
			defaultConfigurationIsVisible = 0;
			defaultConfigurationName = Release;
		};
		5E0FB80C220F83060074A8CB /* Build configuration list for PBXNativeTarget "LoginApp" */ = {
			isa = XCConfigurationList;
			buildConfigurations = (
				5E0FB80D220F83060074A8CB /* Debug */,
				5E0FB80E220F83060074A8CB /* Release */,
			);
			defaultConfigurationIsVisible = 0;
			defaultConfigurationName = Release;
		};
		5E0FB80F220F83060074A8CB /* Build configuration list for PBXNativeTarget "LoginAppTests" */ = {
			isa = XCConfigurationList;
			buildConfigurations = (
				5E0FB810220F83060074A8CB /* Debug */,
				5E0FB811220F83060074A8CB /* Release */,
			);
			defaultConfigurationIsVisible = 0;
			defaultConfigurationName = Release;
		};
		5E0FB812220F83060074A8CB /* Build configuration list for PBXNativeTarget "LoginAppUITests" */ = {
			isa = XCConfigurationList;
			buildConfigurations = (
				5E0FB813220F83060074A8CB /* Debug */,
				5E0FB814220F83060074A8CB /* Release */,
			);
			defaultConfigurationIsVisible = 0;
			defaultConfigurationName = Release;
		};
/* End XCConfigurationList section */
	};
	rootObject = 5E0FB7DC220F83040074A8CB /* Project object */;
}
